
Microsoft Visual Studio Solution File, Format Version 11.00
# Visual Studio 2010
Project("{8BC9CEB8-8B4A-11D0-8D11-00A0C91BC942}") = "Shapes", "Shapes\Shapes.vcxproj", "{BDAD78E1-B4DD-4FF2-86FA-782A042E5C56}"
EndProject
Global
	GlobalSection(SolutionConfigurationPlatforms) = preSolution
		Debug|Win32 = Debug|Win32
		Release|Win32 = Release|Win32
	EndGlobalSection
	GlobalSection(ProjectConfigurationPlatforms) = postSolution
		{BDAD78E1-B4DD-4FF2-86FA-782A042E5C56}.Debug|Win32.ActiveCfg = Debug|Win32
		{BDAD78E1-B4DD-4FF2-86FA-782A042E5C56}.Debug|Win32.Build.0 = Debug|Win32
		{BDAD78E1-B4DD-4FF2-86FA-782A042E5C56}.Release|Win32.ActiveCfg = Release|Win32
		{BDAD78E1-B4DD-4FF2-86FA-782A042E5C56}.Release|Win32.Build.0 = Release|Win32
	EndGlobalSection
	GlobalSection(SolutionProperties) = preSolution
		HideSolutionNode = FALSE
	EndGlobalSection
EndGlobal
