
Microsoft Visual Studio Solution File, Format Version 11.00
# Visual Studio 2010
Project("{8BC9CEB8-8B4A-11D0-8D11-00A0C91BC942}") = "1 ex", "1 ex.vcxproj", "{B424BF56-6766-4153-B909-571C5214A092}"
EndProject
Global
	GlobalSection(SolutionConfigurationPlatforms) = preSolution
		Debug|Win32 = Debug|Win32
		Release|Win32 = Release|Win32
	EndGlobalSection
	GlobalSection(ProjectConfigurationPlatforms) = postSolution
		{B424BF56-6766-4153-B909-571C5214A092}.Debug|Win32.ActiveCfg = Debug|Win32
		{B424BF56-6766-4153-B909-571C5214A092}.Debug|Win32.Build.0 = Debug|Win32
		{B424BF56-6766-4153-B909-571C5214A092}.Release|Win32.ActiveCfg = Release|Win32
		{B424BF56-6766-4153-B909-571C5214A092}.Release|Win32.Build.0 = Release|Win32
	EndGlobalSection
	GlobalSection(SolutionProperties) = preSolution
		HideSolutionNode = FALSE
	EndGlobalSection
EndGlobal
