
Microsoft Visual Studio Solution File, Format Version 11.00
# Visual Studio 2010
Project("{8BC9CEB8-8B4A-11D0-8D11-00A0C91BC942}") = "연산자", "연산자\연산자.vcxproj", "{5BCF0E62-C6F3-48FD-9454-31F5E6AA6C50}"
EndProject
Global
	GlobalSection(SolutionConfigurationPlatforms) = preSolution
		Debug|Win32 = Debug|Win32
		Release|Win32 = Release|Win32
	EndGlobalSection
	GlobalSection(ProjectConfigurationPlatforms) = postSolution
		{5BCF0E62-C6F3-48FD-9454-31F5E6AA6C50}.Debug|Win32.ActiveCfg = Debug|Win32
		{5BCF0E62-C6F3-48FD-9454-31F5E6AA6C50}.Debug|Win32.Build.0 = Debug|Win32
		{5BCF0E62-C6F3-48FD-9454-31F5E6AA6C50}.Release|Win32.ActiveCfg = Release|Win32
		{5BCF0E62-C6F3-48FD-9454-31F5E6AA6C50}.Release|Win32.Build.0 = Release|Win32
	EndGlobalSection
	GlobalSection(SolutionProperties) = preSolution
		HideSolutionNode = FALSE
	EndGlobalSection
EndGlobal
